// !$*UTF8*$!
{
	archiveVersion = 1;
	classes = {
	};
	objectVersion = 50;
	objects = {

/* Begin PBXBuildFile section */
		151983AE2474204A009E86D5 /* PlayingCardView.swift in Sources */ = {isa = PBXBuildFile; fileRef = 151983AD2474204A009E86D5 /* PlayingCardView.swift */; };
		15DA7642245CC4DE00D6AFFD /* AppDelegate.swift in Sources */ = {isa = PBXBuildFile; fileRef = 15DA7641245CC4DE00D6AFFD /* AppDelegate.swift */; };
		15DA7644245CC4DE00D6AFFD /* SceneDelegate.swift in Sources */ = {isa = PBXBuildFile; fileRef = 15DA7643245CC4DE00D6AFFD /* SceneDelegate.swift */; };
		15DA7646245CC4DE00D6AFFD /* ViewController.swift in Sources */ = {isa = PBXBuildFile; fileRef = 15DA7645245CC4DE00D6AFFD /* ViewController.swift */; };
		15DA7649245CC4DE00D6AFFD /* Main.storyboard in Resources */ = {isa = PBXBuildFile; fileRef = 15DA7647245CC4DE00D6AFFD /* Main.storyboard */; };
		15DA764B245CC4DF00D6AFFD /* Assets.xcassets in Resources */ = {isa = PBXBuildFile; fileRef = 15DA764A245CC4DF00D6AFFD /* Assets.xcassets */; };
		15DA764E245CC4DF00D6AFFD /* LaunchScreen.storyboard in Resources */ = {isa = PBXBuildFile; fileRef = 15DA764C245CC4DF00D6AFFD /* LaunchScreen.storyboard */; };
		15DA7657245CC54600D6AFFD /* PlayingCard.swift in Sources */ = {isa = PBXBuildFile; fileRef = 15DA7656245CC54600D6AFFD /* PlayingCard.swift */; };
		15DA7659245CC83D00D6AFFD /* PlayingCardDeck.swift in Sources */ = {isa = PBXBuildFile; fileRef = 15DA7658245CC83D00D6AFFD /* PlayingCardDeck.swift */; };
/* End PBXBuildFile section */

/* Begin PBXFileReference section */
		151983AD2474204A009E86D5 /* PlayingCardView.swift */ = {isa = PBXFileReference; lastKnownFileType = sourcecode.swift; path = PlayingCardView.swift; sourceTree = "<group>"; };
		15DA763E245CC4DE00D6AFFD /* PlayingCard.app */ = {isa = PBXFileReference; explicitFileType = wrapper.application; includeInIndex = 0; path = PlayingCard.app; sourceTree = BUILT_PRODUCTS_DIR; };
		15DA7641245CC4DE00D6AFFD /* AppDelegate.swift */ = {isa = PBXFileReference; lastKnownFileType = sourcecode.swift; path = AppDelegate.swift; sourceTree = "<group>"; };
		15DA7643245CC4DE00D6AFFD /* SceneDelegate.swift */ = {isa = PBXFileReference; lastKnownFileType = sourcecode.swift; path = SceneDelegate.swift; sourceTree = "<group>"; };
		15DA7645245CC4DE00D6AFFD /* ViewController.swift */ = {isa = PBXFileReference; lastKnownFileType = sourcecode.swift; path = ViewController.swift; sourceTree = "<group>"; };
		15DA7648245CC4DE00D6AFFD /* Base */ = {isa = PBXFileReference; lastKnownFileType = file.storyboard; name = Base; path = Base.lproj/Main.storyboard; sourceTree = "<group>"; };
		15DA764A245CC4DF00D6AFFD /* Assets.xcassets */ = {isa = PBXFileReference; lastKnownFileType = folder.assetcatalog; path = Assets.xcassets; sourceTree = "<group>"; };
		15DA764D245CC4DF00D6AFFD /* Base */ = {isa = PBXFileReference; lastKnownFileType = file.storyboard; name = Base; path = Base.lproj/LaunchScreen.storyboard; sourceTree = "<group>"; };
		15DA764F245CC4DF00D6AFFD /* Info.plist */ = {isa = PBXFileReference; lastKnownFileType = text.plist.xml; path = Info.plist; sourceTree = "<group>"; };
		15DA7656245CC54600D6AFFD /* PlayingCard.swift */ = {isa = PBXFileReference; lastKnownFileType = sourcecode.swift; path = PlayingCard.swift; sourceTree = "<group>"; };
		15DA7658245CC83D00D6AFFD /* PlayingCardDeck.swift */ = {isa = PBXFileReference; lastKnownFileType = sourcecode.swift; path = PlayingCardDeck.swift; sourceTree = "<group>"; };
/* End PBXFileReference section */

/* Begin PBXFrameworksBuildPhase section */
		15DA763B245CC4DE00D6AFFD /* Frameworks */ = {
			isa = PBXFrameworksBuildPhase;
			buildActionMask = 2147483647;
			files = (
			);
			runOnlyForDeploymentPostprocessing = 0;
		};
/* End PBXFrameworksBuildPhase section */

/* Begin PBXGroup section */
		15DA7635245CC4DE00D6AFFD = {
			isa = PBXGroup;
			children = (
				15DA7640245CC4DE00D6AFFD /* PlayingCard */,
				15DA763F245CC4DE00D6AFFD /* Products */,
			);
			sourceTree = "<group>";
		};
		15DA763F245CC4DE00D6AFFD /* Products */ = {
			isa = PBXGroup;
			children = (
				15DA763E245CC4DE00D6AFFD /* PlayingCard.app */,
			);
			name = Products;
			sourceTree = "<group>";
		};
		15DA7640245CC4DE00D6AFFD /* PlayingCard */ = {
			isa = PBXGroup;
			children = (
				15DA7645245CC4DE00D6AFFD /* ViewController.swift */,
				151983AD2474204A009E86D5 /* PlayingCardView.swift */,
				15DA7647245CC4DE00D6AFFD /* Main.storyboard */,
				15DA7656245CC54600D6AFFD /* PlayingCard.swift */,
				15DA7658245CC83D00D6AFFD /* PlayingCardDeck.swift */,
				15DA764A245CC4DF00D6AFFD /* Assets.xcassets */,
				15DA7655245CC50C00D6AFFD /* Supporting Files */,
				15DA764F245CC4DF00D6AFFD /* Info.plist */,
			);
			path = PlayingCard;
			sourceTree = "<group>";
		};
		15DA7655245CC50C00D6AFFD /* Supporting Files */ = {
			isa = PBXGroup;
			children = (
				15DA7641245CC4DE00D6AFFD /* AppDelegate.swift */,
				15DA7643245CC4DE00D6AFFD /* SceneDelegate.swift */,
				15DA764C245CC4DF00D6AFFD /* LaunchScreen.storyboard */,
			);
			path = "Supporting Files";
			sourceTree = "<group>";
		};
/* End PBXGroup section */

/* Begin PBXNativeTarget section */
		15DA763D245CC4DE00D6AFFD /* PlayingCard */ = {
			isa = PBXNativeTarget;
			buildConfigurationList = 15DA7652245CC4DF00D6AFFD /* Build configuration list for PBXNativeTarget "PlayingCard" */;
			buildPhases = (
				15DA763A245CC4DE00D6AFFD /* Sources */,
				15DA763B245CC4DE00D6AFFD /* Frameworks */,
				15DA763C245CC4DE00D6AFFD /* Resources */,
			);
			buildRules = (
			);
			dependencies = (
			);
			name = PlayingCard;
			productName = PlayingCard;
			productReference = 15DA763E245CC4DE00D6AFFD /* PlayingCard.app */;
			productType = "com.apple.product-type.application";
		};
/* End PBXNativeTarget section */

/* Begin PBXProject section */
		15DA7636245CC4DE00D6AFFD /* Project object */ = {
			isa = PBXProject;
			attributes = {
				LastSwiftUpdateCheck = 1140;
				LastUpgradeCheck = 1140;
				ORGANIZATIONNAME = "Dazz Woo";
				TargetAttributes = {
					15DA763D245CC4DE00D6AFFD = {
						CreatedOnToolsVersion = 11.4.1;
					};
				};
			};
			buildConfigurationList = 15DA7639245CC4DE00D6AFFD /* Build configuration list for PBXProject "PlayingCard" */;
			compatibilityVersion = "Xcode 9.3";
			developmentRegion = en;
			hasScannedForEncodings = 0;
			knownRegions = (
				en,
				Base,
			);
			mainGroup = 15DA7635245CC4DE00D6AFFD;
			productRefGroup = 15DA763F245CC4DE00D6AFFD /* Products */;
			projectDirPath = "";
			projectRoot = "";
			targets = (
				15DA763D245CC4DE00D6AFFD /* PlayingCard */,
			);
		};
/* End PBXProject section */

/* Begin PBXResourcesBuildPhase section */
		15DA763C245CC4DE00D6AFFD /* Resources */ = {
			isa = PBXResourcesBuildPhase;
			buildActionMask = 2147483647;
			files = (
				15DA764E245CC4DF00D6AFFD /* LaunchScreen.storyboard in Resources */,
				15DA764B245CC4DF00D6AFFD /* Assets.xcassets in Resources */,
				15DA7649245CC4DE00D6AFFD /* Main.storyboard in Resources */,
			);
			runOnlyForDeploymentPostprocessing = 0;
		};
/* End PBXResourcesBuildPhase section */

/* Begin PBXSourcesBuildPhase section */
		15DA763A245CC4DE00D6AFFD /* Sources */ = {
			isa = PBXSourcesBuildPhase;
			buildActionMask = 2147483647;
			files = (
				15DA7646245CC4DE00D6AFFD /* ViewController.swift in Sources */,
				151983AE2474204A009E86D5 /* PlayingCardView.swift in Sources */,
				15DA7642245CC4DE00D6AFFD /* AppDelegate.swift in Sources */,
				15DA7659245CC83D00D6AFFD /* PlayingCardDeck.swift in Sources */,
				15DA7657245CC54600D6AFFD /* PlayingCard.swift in Sources */,
				15DA7644245CC4DE00D6AFFD /* SceneDelegate.swift in Sources */,
			);
			runOnlyForDeploymentPostprocessing = 0;
		};
/* End PBXSourcesBuildPhase section */

/* Begin PBXVariantGroup section */
		15DA7647245CC4DE00D6AFFD /* Main.storyboard */ = {
			isa = PBXVariantGroup;
			children = (
				15DA7648245CC4DE00D6AFFD /* Base */,
			);
			name = Main.storyboard;
			sourceTree = "<group>";
		};
		15DA764C245CC4DF00D6AFFD /* LaunchScreen.storyboard */ = {
			isa = PBXVariantGroup;
			children = (
				15DA764D245CC4DF00D6AFFD /* Base */,
			);
			name = LaunchScreen.storyboard;
			sourceTree = "<group>";
		};
/* End PBXVariantGroup section */

/* Begin XCBuildConfiguration section */
		15DA7650245CC4DF00D6AFFD /* Debug */ = {
			isa = XCBuildConfiguration;
			buildSettings = {
				ALWAYS_SEARCH_USER_PATHS = NO;
				CLANG_ANALYZER_NONNULL = YES;
				CLANG_ANALYZER_NUMBER_OBJECT_CONVERSION = YES_AGGRESSIVE;
				CLANG_CXX_LANGUAGE_STANDARD = "gnu++14";
				CLANG_CXX_LIBRARY = "libc++";
				CLANG_ENABLE_MODULES = YES;
				CLANG_ENABLE_OBJC_ARC = YES;
				CLANG_ENABLE_OBJC_WEAK = YES;
				CLANG_WARN_BLOCK_CAPTURE_AUTORELEASING = YES;
				CLANG_WARN_BOOL_CONVERSION = YES;
				CLANG_WARN_COMMA = YES;
				CLANG_WARN_CONSTANT_CONVERSION = YES;
				CLANG_WARN_DEPRECATED_OBJC_IMPLEMENTATIONS = YES;
				CLANG_WARN_DIRECT_OBJC_ISA_USAGE = YES_ERROR;
				CLANG_WARN_DOCUMENTATION_COMMENTS = YES;
				CLANG_WARN_EMPTY_BODY = YES;
				CLANG_WARN_ENUM_CONVERSION = YES;
				CLANG_WARN_INFINITE_RECURSION = YES;
				CLANG_WARN_INT_CONVERSION = YES;
				CLANG_WARN_NON_LITERAL_NULL_CONVERSION = YES;
				CLANG_WARN_OBJC_IMPLICIT_RETAIN_SELF = YES;
				CLANG_WARN_OBJC_LITERAL_CONVERSION = YES;
				CLANG_WARN_OBJC_ROOT_CLASS = YES_ERROR;
				CLANG_WARN_RANGE_LOOP_ANALYSIS = YES;
				CLANG_WARN_STRICT_PROTOTYPES = YES;
				CLANG_WARN_SUSPICIOUS_MOVE = YES;
				CLANG_WARN_UNGUARDED_AVAILABILITY = YES_AGGRESSIVE;
				CLANG_WARN_UNREACHABLE_CODE = YES;
				CLANG_WARN__DUPLICATE_METHOD_MATCH = YES;
				COPY_PHASE_STRIP = NO;
				DEBUG_INFORMATION_FORMAT = dwarf;
				ENABLE_STRICT_OBJC_MSGSEND = YES;
				ENABLE_TESTABILITY = YES;
				GCC_C_LANGUAGE_STANDARD = gnu11;
				GCC_DYNAMIC_NO_PIC = NO;
				GCC_NO_COMMON_BLOCKS = YES;
				GCC_OPTIMIZATION_LEVEL = 0;
				GCC_PREPROCESSOR_DEFINITIONS = (
					"DEBUG=1",
					"$(inherited)",
				);
				GCC_WARN_64_TO_32_BIT_CONVERSION = YES;
				GCC_WARN_ABOUT_RETURN_TYPE = YES_ERROR;
				GCC_WARN_UNDECLARED_SELECTOR = YES;
				GCC_WARN_UNINITIALIZED_AUTOS = YES_AGGRESSIVE;
				GCC_WARN_UNUSED_FUNCTION = YES;
				GCC_WARN_UNUSED_VARIABLE = YES;
				IPHONEOS_DEPLOYMENT_TARGET = 13.4;
				MTL_ENABLE_DEBUG_INFO = INCLUDE_SOURCE;
				MTL_FAST_MATH = YES;
				ONLY_ACTIVE_ARCH = YES;
				SDKROOT = iphoneos;
				SWIFT_ACTIVE_COMPILATION_CONDITIONS = DEBUG;
				SWIFT_OPTIMIZATION_LEVEL = "-Onone";
			};
			name = Debug;
		};
		15DA7651245CC4DF00D6AFFD /* Release */ = {
			isa = XCBuildConfiguration;
			buildSettings = {
				ALWAYS_SEARCH_USER_PATHS = NO;
				CLANG_ANALYZER_NONNULL = YES;
				CLANG_ANALYZER_NUMBER_OBJECT_CONVERSION = YES_AGGRESSIVE;
				CLANG_CXX_LANGUAGE_STANDARD = "gnu++14";
				CLANG_CXX_LIBRARY = "libc++";
				CLANG_ENABLE_MODULES = YES;
				CLANG_ENABLE_OBJC_ARC = YES;
				CLANG_ENABLE_OBJC_WEAK = YES;
				CLANG_WARN_BLOCK_CAPTURE_AUTORELEASING = YES;
				CLANG_WARN_BOOL_CONVERSION = YES;
				CLANG_WARN_COMMA = YES;
				CLANG_WARN_CONSTANT_CONVERSION = YES;
				CLANG_WARN_DEPRECATED_OBJC_IMPLEMENTATIONS = YES;
				CLANG_WARN_DIRECT_OBJC_ISA_USAGE = YES_ERROR;
				CLANG_WARN_DOCUMENTATION_COMMENTS = YES;
				CLANG_WARN_EMPTY_BODY = YES;
				CLANG_WARN_ENUM_CONVERSION = YES;
				CLANG_WARN_INFINITE_RECURSION = YES;
				CLANG_WARN_INT_CONVERSION = YES;
				CLANG_WARN_NON_LITERAL_NULL_CONVERSION = YES;
				CLANG_WARN_OBJC_IMPLICIT_RETAIN_SELF = YES;
				CLANG_WARN_OBJC_LITERAL_CONVERSION = YES;
				CLANG_WARN_OBJC_ROOT_CLASS = YES_ERROR;
				CLANG_WARN_RANGE_LOOP_ANALYSIS = YES;
				CLANG_WARN_STRICT_PROTOTYPES = YES;
				CLANG_WARN_SUSPICIOUS_MOVE = YES;
				CLANG_WARN_UNGUARDED_AVAILABILITY = YES_AGGRESSIVE;
				CLANG_WARN_UNREACHABLE_CODE = YES;
				CLANG_WARN__DUPLICATE_METHOD_MATCH = YES;
				COPY_PHASE_STRIP = NO;
				DEBUG_INFORMATION_FORMAT = "dwarf-with-dsym";
				ENABLE_NS_ASSERTIONS = NO;
				ENABLE_STRICT_OBJC_MSGSEND = YES;
				GCC_C_LANGUAGE_STANDARD = gnu11;
				GCC_NO_COMMON_BLOCKS = YES;
				GCC_WARN_64_TO_32_BIT_CONVERSION = YES;
				GCC_WARN_ABOUT_RETURN_TYPE = YES_ERROR;
				GCC_WARN_UNDECLARED_SELECTOR = YES;
				GCC_WARN_UNINITIALIZED_AUTOS = YES_AGGRESSIVE;
				GCC_WARN_UNUSED_FUNCTION = YES;
				GCC_WARN_UNUSED_VARIABLE = YES;
				IPHONEOS_DEPLOYMENT_TARGET = 13.4;
				MTL_ENABLE_DEBUG_INFO = NO;
				MTL_FAST_MATH = YES;
				SDKROOT = iphoneos;
				SWIFT_COMPILATION_MODE = wholemodule;
				SWIFT_OPTIMIZATION_LEVEL = "-O";
				VALIDATE_PRODUCT = YES;
			};
			name = Release;
		};
		15DA7653245CC4DF00D6AFFD /* Debug */ = {
			isa = XCBuildConfiguration;
			buildSettings = {
				ASSETCATALOG_COMPILER_APPICON_NAME = AppIcon;
				CODE_SIGN_STYLE = Automatic;
				DEVELOPMENT_TEAM = SM6GCKMPAX;
				INFOPLIST_FILE = PlayingCard/Info.plist;
				LD_RUNPATH_SEARCH_PATHS = (
					"$(inherited)",
					"@executable_path/Frameworks",
				);
				PRODUCT_BUNDLE_IDENTIFIER = nazocthun.PlayingCard;
				PRODUCT_NAME = "$(TARGET_NAME)";
				SWIFT_VERSION = 5.0;
				TARGETED_DEVICE_FAMILY = "1,2";
			};
			name = Debug;
		};
		15DA7654245CC4DF00D6AFFD /* Release */ = {
			isa = XCBuildConfiguration;
			buildSettings = {
				ASSETCATALOG_COMPILER_APPICON_NAME = AppIcon;
				CODE_SIGN_STYLE = Automatic;
				DEVELOPMENT_TEAM = SM6GCKMPAX;
				INFOPLIST_FILE = PlayingCard/Info.plist;
				LD_RUNPATH_SEARCH_PATHS = (
					"$(inherited)",
					"@executable_path/Frameworks",
				);
				PRODUCT_BUNDLE_IDENTIFIER = nazocthun.PlayingCard;
				PRODUCT_NAME = "$(TARGET_NAME)";
				SWIFT_VERSION = 5.0;
				TARGETED_DEVICE_FAMILY = "1,2";
			};
			name = Release;
		};
/* End XCBuildConfiguration section */

/* Begin XCConfigurationList section */
		15DA7639245CC4DE00D6AFFD /* Build configuration list for PBXProject "PlayingCard" */ = {
			isa = XCConfigurationList;
			buildConfigurations = (
				15DA7650245CC4DF00D6AFFD /* Debug */,
				15DA7651245CC4DF00D6AFFD /* Release */,
			);
			defaultConfigurationIsVisible = 0;
			defaultConfigurationName = Release;
		};
		15DA7652245CC4DF00D6AFFD /* Build configuration list for PBXNativeTarget "PlayingCard" */ = {
			isa = XCConfigurationList;
			buildConfigurations = (
				15DA7653245CC4DF00D6AFFD /* Debug */,
				15DA7654245CC4DF00D6AFFD /* Release */,
			);
			defaultConfigurationIsVisible = 0;
			defaultConfigurationName = Release;
		};
/* End XCConfigurationList section */
	};
	rootObject = 15DA7636245CC4DE00D6AFFD /* Project object */;
}
